
Microsoft Visual Studio Solution File, Format Version 12.00
# Visual Studio Version 17
VisualStudioVersion = 17.4.33103.184
MinimumVisualStudioVersion = 10.0.40219.1
Project("{FAE04EC0-301F-11D3-BF4B-00C04F79EFBC}") = "RecursiveDFS", "RecursiveDFS.csproj", "{A080C8D1-B1D5-4FB3-8A0C-578EE8030E00}"
EndProject
Global
	GlobalSection(SolutionConfigurationPlatforms) = preSolution
		Debug|Any CPU = Debug|Any CPU
		Release|Any CPU = Release|Any CPU
	EndGlobalSection
	GlobalSection(ProjectConfigurationPlatforms) = postSolution
		{A080C8D1-B1D5-4FB3-8A0C-578EE8030E00}.Debug|Any CPU.ActiveCfg = Debug|Any CPU
		{A080C8D1-B1D5-4FB3-8A0C-578EE8030E00}.Debug|Any CPU.Build.0 = Debug|Any CPU
		{A080C8D1-B1D5-4FB3-8A0C-578EE8030E00}.Release|Any CPU.ActiveCfg = Release|Any CPU
		{A080C8D1-B1D5-4FB3-8A0C-578EE8030E00}.Release|Any CPU.Build.0 = Release|Any CPU
	EndGlobalSection
	GlobalSection(SolutionProperties) = preSolution
		HideSolutionNode = FALSE
	EndGlobalSection
	GlobalSection(ExtensibilityGlobals) = postSolution
		SolutionGuid = {F9293434-E965-4445-85A8-C8E8FA0BCA4C}
	EndGlobalSection
EndGlobal
